
Microsoft Visual Studio Solution File, Format Version 12.00
# Visual Studio Version 17
VisualStudioVersion = 17.3.32929.385
MinimumVisualStudioVersion = 10.0.40219.1
Project("{FAE04EC0-301F-11D3-BF4B-00C04F79EFBC}") = "Test2", "Test2.csproj", "{B466005A-D760-494D-87E1-F7B25A548EEE}"
EndProject
Global
	GlobalSection(SolutionConfigurationPlatforms) = preSolution
		Debug|Any CPU = Debug|Any CPU
		Release|Any CPU = Release|Any CPU
	EndGlobalSection
	GlobalSection(ProjectConfigurationPlatforms) = postSolution
		{B466005A-D760-494D-87E1-F7B25A548EEE}.Debug|Any CPU.ActiveCfg = Debug|Any CPU
		{B466005A-D760-494D-87E1-F7B25A548EEE}.Debug|Any CPU.Build.0 = Debug|Any CPU
		{B466005A-D760-494D-87E1-F7B25A548EEE}.Release|Any CPU.ActiveCfg = Release|Any CPU
		{B466005A-D760-494D-87E1-F7B25A548EEE}.Release|Any CPU.Build.0 = Release|Any CPU
	EndGlobalSection
	GlobalSection(SolutionProperties) = preSolution
		HideSolutionNode = FALSE
	EndGlobalSection
	GlobalSection(ExtensibilityGlobals) = postSolution
		SolutionGuid = {DDC74612-D945-4570-99FC-D024980F7827}
	EndGlobalSection
EndGlobal
